
Microsoft Visual Studio Solution File, Format Version 12.00
# Visual Studio Version 17
VisualStudioVersion = 17.1.32210.238
MinimumVisualStudioVersion = 10.0.40219.1
Project("{8BC9CEB8-8B4A-11D0-8D11-00A0C91BC942}") = "5", "5.vcxproj", "{937CE3D1-7720-4E7A-A643-01F0C18B0A21}"
EndProject
Global
	GlobalSection(SolutionConfigurationPlatforms) = preSolution
		Debug|x64 = Debug|x64
		Debug|x86 = Debug|x86
		Release|x64 = Release|x64
		Release|x86 = Release|x86
	EndGlobalSection
	GlobalSection(ProjectConfigurationPlatforms) = postSolution
		{937CE3D1-7720-4E7A-A643-01F0C18B0A21}.Debug|x64.ActiveCfg = Debug|x64
		{937CE3D1-7720-4E7A-A643-01F0C18B0A21}.Debug|x64.Build.0 = Debug|x64
		{937CE3D1-7720-4E7A-A643-01F0C18B0A21}.Debug|x86.ActiveCfg = Debug|Win32
		{937CE3D1-7720-4E7A-A643-01F0C18B0A21}.Debug|x86.Build.0 = Debug|Win32
		{937CE3D1-7720-4E7A-A643-01F0C18B0A21}.Release|x64.ActiveCfg = Release|x64
		{937CE3D1-7720-4E7A-A643-01F0C18B0A21}.Release|x64.Build.0 = Release|x64
		{937CE3D1-7720-4E7A-A643-01F0C18B0A21}.Release|x86.ActiveCfg = Release|Win32
		{937CE3D1-7720-4E7A-A643-01F0C18B0A21}.Release|x86.Build.0 = Release|Win32
	EndGlobalSection
	GlobalSection(SolutionProperties) = preSolution
		HideSolutionNode = FALSE
	EndGlobalSection
	GlobalSection(ExtensibilityGlobals) = postSolution
		SolutionGuid = {72AAF2C6-6351-46C2-97BC-6070B2C25927}
	EndGlobalSection
EndGlobal
